
Microsoft Visual Studio Solution File, Format Version 12.00
# Visual Studio 15
Project("{FAE04EC0-301F-11D3-BF4B-00C04F79EFBC}") = "Assembly-CSharp-firstpass", "Assembly-CSharp-firstpass.csproj", "{2A0E518A-BFEE-B9AB-F71F-34D815E9BE41}"
EndProject
Project("{FAE04EC0-301F-11D3-BF4B-00C04F79EFBC}") = "Assembly-CSharp", "Assembly-CSharp.csproj", "{0B1B68A8-6E00-666F-017F-E72FBC802DF3}"
EndProject
Project("{FAE04EC0-301F-11D3-BF4B-00C04F79EFBC}") = "Assembly-CSharp-Editor", "Assembly-CSharp-Editor.csproj", "{813A70FF-2CD2-1B78-1FD7-8B2AA6353A48}"
EndProject
Project("{FAE04EC0-301F-11D3-BF4B-00C04F79EFBC}") = "Assembly-CSharp-Editor-firstpass", "Assembly-CSharp-Editor-firstpass.csproj", "{2736D0DB-9BEA-1161-32E9-D8B9BC11CC33}"
EndProject
Global
	GlobalSection(SolutionConfigurationPlatforms) = preSolution
		Debug|Any CPU = Debug|Any CPU
		Release|Any CPU = Release|Any CPU
	EndGlobalSection
	GlobalSection(ProjectConfigurationPlatforms) = postSolution
		{2A0E518A-BFEE-B9AB-F71F-34D815E9BE41}.Debug|Any CPU.ActiveCfg = Debug|Any CPU
		{2A0E518A-BFEE-B9AB-F71F-34D815E9BE41}.Debug|Any CPU.Build.0 = Debug|Any CPU
		{2A0E518A-BFEE-B9AB-F71F-34D815E9BE41}.Release|Any CPU.ActiveCfg = Release|Any CPU
		{2A0E518A-BFEE-B9AB-F71F-34D815E9BE41}.Release|Any CPU.Build.0 = Release|Any CPU
		{0B1B68A8-6E00-666F-017F-E72FBC802DF3}.Debug|Any CPU.ActiveCfg = Debug|Any CPU
		{0B1B68A8-6E00-666F-017F-E72FBC802DF3}.Debug|Any CPU.Build.0 = Debug|Any CPU
		{0B1B68A8-6E00-666F-017F-E72FBC802DF3}.Release|Any CPU.ActiveCfg = Release|Any CPU
		{0B1B68A8-6E00-666F-017F-E72FBC802DF3}.Release|Any CPU.Build.0 = Release|Any CPU
		{813A70FF-2CD2-1B78-1FD7-8B2AA6353A48}.Debug|Any CPU.ActiveCfg = Debug|Any CPU
		{813A70FF-2CD2-1B78-1FD7-8B2AA6353A48}.Debug|Any CPU.Build.0 = Debug|Any CPU
		{813A70FF-2CD2-1B78-1FD7-8B2AA6353A48}.Release|Any CPU.ActiveCfg = Release|Any CPU
		{813A70FF-2CD2-1B78-1FD7-8B2AA6353A48}.Release|Any CPU.Build.0 = Release|Any CPU
		{2736D0DB-9BEA-1161-32E9-D8B9BC11CC33}.Debug|Any CPU.ActiveCfg = Debug|Any CPU
		{2736D0DB-9BEA-1161-32E9-D8B9BC11CC33}.Debug|Any CPU.Build.0 = Debug|Any CPU
		{2736D0DB-9BEA-1161-32E9-D8B9BC11CC33}.Release|Any CPU.ActiveCfg = Release|Any CPU
		{2736D0DB-9BEA-1161-32E9-D8B9BC11CC33}.Release|Any CPU.Build.0 = Release|Any CPU
	EndGlobalSection
	GlobalSection(SolutionProperties) = preSolution
		HideSolutionNode = FALSE
	EndGlobalSection
EndGlobal
